// !$*UTF8*$!
{
	archiveVersion = 1;
	classes = {
	};
	objectVersion = 55;
	objects = {

/* Begin PBXBuildFile section */
		C9125A2427FC7991006E775D /* AppDelegate.swift in Sources */ = {isa = PBXBuildFile; fileRef = C9125A2327FC7991006E775D /* AppDelegate.swift */; };
		C9125A2627FC7991006E775D /* SceneDelegate.swift in Sources */ = {isa = PBXBuildFile; fileRef = C9125A2527FC7991006E775D /* SceneDelegate.swift */; };
		C9125A2827FC7991006E775D /* ViewController.swift in Sources */ = {isa = PBXBuildFile; fileRef = C9125A2727FC7991006E775D /* ViewController.swift */; };
		C9125A2B27FC7991006E775D /* Main.storyboard in Resources */ = {isa = PBXBuildFile; fileRef = C9125A2927FC7991006E775D /* Main.storyboard */; };
		C9125A2D27FC7992006E775D /* Assets.xcassets in Resources */ = {isa = PBXBuildFile; fileRef = C9125A2C27FC7992006E775D /* Assets.xcassets */; };
		C9125A3027FC7992006E775D /* LaunchScreen.storyboard in Resources */ = {isa = PBXBuildFile; fileRef = C9125A2E27FC7992006E775D /* LaunchScreen.storyboard */; };
		C9125A3B27FC7ACF006E775D /* FirebaseAnalytics in Frameworks */ = {isa = PBXBuildFile; productRef = C9125A3A27FC7ACF006E775D /* FirebaseAnalytics */; };
		C9125A3D27FC7ACF006E775D /* FirebaseAuth in Frameworks */ = {isa = PBXBuildFile; productRef = C9125A3C27FC7ACF006E775D /* FirebaseAuth */; };
		C9125A3F27FC7ACF006E775D /* FirebaseDatabase in Frameworks */ = {isa = PBXBuildFile; productRef = C9125A3E27FC7ACF006E775D /* FirebaseDatabase */; };
		C9125A4127FC7ACF006E775D /* FirebaseFunctions in Frameworks */ = {isa = PBXBuildFile; productRef = C9125A4027FC7ACF006E775D /* FirebaseFunctions */; };
		C9125A5B27FC7F7A006E775D /* Database.swift in Sources */ = {isa = PBXBuildFile; fileRef = C9125A5A27FC7F7A006E775D /* Database.swift */; };
		C9125A5D27FC7F88006E775D /* Authentication.swift in Sources */ = {isa = PBXBuildFile; fileRef = C9125A5C27FC7F88006E775D /* Authentication.swift */; };
		C9125A5F27FC81E2006E775D /* LoginViewController.swift in Sources */ = {isa = PBXBuildFile; fileRef = C9125A5E27FC81E2006E775D /* LoginViewController.swift */; };
		C9125A6127FC8AE2006E775D /* GoogleService-Info.plist in Resources */ = {isa = PBXBuildFile; fileRef = C9125A6027FC8AE2006E775D /* GoogleService-Info.plist */; };
		C9125A6527FC8B7B006E775D /* Toast.swift in Sources */ = {isa = PBXBuildFile; fileRef = C9125A6227FC8B7B006E775D /* Toast.swift */; };
		C9125A6627FC8B7B006E775D /* Dialog.swift in Sources */ = {isa = PBXBuildFile; fileRef = C9125A6327FC8B7B006E775D /* Dialog.swift */; };
		C9125A6727FC8B7B006E775D /* DictionaryEncDec.swift in Sources */ = {isa = PBXBuildFile; fileRef = C9125A6427FC8B7B006E775D /* DictionaryEncDec.swift */; };
		C9125A6C27FC8B87006E775D /* UIView_enableTapGestureRecognizer.swift in Sources */ = {isa = PBXBuildFile; fileRef = C9125A6827FC8B87006E775D /* UIView_enableTapGestureRecognizer.swift */; };
		C9125A6D27FC8B87006E775D /* String_isValidEmail.swift in Sources */ = {isa = PBXBuildFile; fileRef = C9125A6927FC8B87006E775D /* String_isValidEmail.swift */; };
		C9125A6E27FC8B87006E775D /* UIView_addSubviews.swift in Sources */ = {isa = PBXBuildFile; fileRef = C9125A6A27FC8B87006E775D /* UIView_addSubviews.swift */; };
		C9125A6F27FC8B87006E775D /* UIView_shake.swift in Sources */ = {isa = PBXBuildFile; fileRef = C9125A6B27FC8B87006E775D /* UIView_shake.swift */; };
		C9125A7127FC8C10006E775D /* SignUpViewController.swift in Sources */ = {isa = PBXBuildFile; fileRef = C9125A7027FC8C10006E775D /* SignUpViewController.swift */; };
		C9125A7327FC94D3006E775D /* UILoadingView.swift in Sources */ = {isa = PBXBuildFile; fileRef = C9125A7227FC94D3006E775D /* UILoadingView.swift */; };
		C9125A7527FC968E006E775D /* BaseViewController.swift in Sources */ = {isa = PBXBuildFile; fileRef = C9125A7427FC968E006E775D /* BaseViewController.swift */; };
/* End PBXBuildFile section */

/* Begin PBXFileReference section */
		C9125A2027FC7991006E775D /* FirebaseChat_1931358.app */ = {isa = PBXFileReference; explicitFileType = wrapper.application; includeInIndex = 0; path = FirebaseChat_1931358.app; sourceTree = BUILT_PRODUCTS_DIR; };
		C9125A2327FC7991006E775D /* AppDelegate.swift */ = {isa = PBXFileReference; lastKnownFileType = sourcecode.swift; path = AppDelegate.swift; sourceTree = "<group>"; };
		C9125A2527FC7991006E775D /* SceneDelegate.swift */ = {isa = PBXFileReference; lastKnownFileType = sourcecode.swift; path = SceneDelegate.swift; sourceTree = "<group>"; };
		C9125A2727FC7991006E775D /* ViewController.swift */ = {isa = PBXFileReference; lastKnownFileType = sourcecode.swift; path = ViewController.swift; sourceTree = "<group>"; };
		C9125A2A27FC7991006E775D /* Base */ = {isa = PBXFileReference; lastKnownFileType = file.storyboard; name = Base; path = Base.lproj/Main.storyboard; sourceTree = "<group>"; };
		C9125A2C27FC7992006E775D /* Assets.xcassets */ = {isa = PBXFileReference; lastKnownFileType = folder.assetcatalog; path = Assets.xcassets; sourceTree = "<group>"; };
		C9125A2F27FC7992006E775D /* Base */ = {isa = PBXFileReference; lastKnownFileType = file.storyboard; name = Base; path = Base.lproj/LaunchScreen.storyboard; sourceTree = "<group>"; };
		C9125A3127FC7992006E775D /* Info.plist */ = {isa = PBXFileReference; lastKnownFileType = text.plist.xml; path = Info.plist; sourceTree = "<group>"; };
		C9125A5A27FC7F7A006E775D /* Database.swift */ = {isa = PBXFileReference; lastKnownFileType = sourcecode.swift; path = Database.swift; sourceTree = "<group>"; };
		C9125A5C27FC7F88006E775D /* Authentication.swift */ = {isa = PBXFileReference; lastKnownFileType = sourcecode.swift; path = Authentication.swift; sourceTree = "<group>"; };
		C9125A5E27FC81E2006E775D /* LoginViewController.swift */ = {isa = PBXFileReference; lastKnownFileType = sourcecode.swift; path = LoginViewController.swift; sourceTree = "<group>"; };
		C9125A6027FC8AE2006E775D /* GoogleService-Info.plist */ = {isa = PBXFileReference; fileEncoding = 4; lastKnownFileType = text.plist.xml; name = "GoogleService-Info.plist"; path = "../../../../Downloads/GoogleService-Info.plist"; sourceTree = "<group>"; };
		C9125A6227FC8B7B006E775D /* Toast.swift */ = {isa = PBXFileReference; fileEncoding = 4; lastKnownFileType = sourcecode.swift; path = Toast.swift; sourceTree = "<group>"; };
		C9125A6327FC8B7B006E775D /* Dialog.swift */ = {isa = PBXFileReference; fileEncoding = 4; lastKnownFileType = sourcecode.swift; path = Dialog.swift; sourceTree = "<group>"; };
		C9125A6427FC8B7B006E775D /* DictionaryEncDec.swift */ = {isa = PBXFileReference; fileEncoding = 4; lastKnownFileType = sourcecode.swift; path = DictionaryEncDec.swift; sourceTree = "<group>"; };
		C9125A6827FC8B87006E775D /* UIView_enableTapGestureRecognizer.swift */ = {isa = PBXFileReference; fileEncoding = 4; lastKnownFileType = sourcecode.swift; path = UIView_enableTapGestureRecognizer.swift; sourceTree = "<group>"; };
		C9125A6927FC8B87006E775D /* String_isValidEmail.swift */ = {isa = PBXFileReference; fileEncoding = 4; lastKnownFileType = sourcecode.swift; path = String_isValidEmail.swift; sourceTree = "<group>"; };
		C9125A6A27FC8B87006E775D /* UIView_addSubviews.swift */ = {isa = PBXFileReference; fileEncoding = 4; lastKnownFileType = sourcecode.swift; path = UIView_addSubviews.swift; sourceTree = "<group>"; };
		C9125A6B27FC8B87006E775D /* UIView_shake.swift */ = {isa = PBXFileReference; fileEncoding = 4; lastKnownFileType = sourcecode.swift; path = UIView_shake.swift; sourceTree = "<group>"; };
		C9125A7027FC8C10006E775D /* SignUpViewController.swift */ = {isa = PBXFileReference; lastKnownFileType = sourcecode.swift; path = SignUpViewController.swift; sourceTree = "<group>"; };
		C9125A7227FC94D3006E775D /* UILoadingView.swift */ = {isa = PBXFileReference; fileEncoding = 4; lastKnownFileType = sourcecode.swift; path = UILoadingView.swift; sourceTree = "<group>"; };
		C9125A7427FC968E006E775D /* BaseViewController.swift */ = {isa = PBXFileReference; lastKnownFileType = sourcecode.swift; path = BaseViewController.swift; sourceTree = "<group>"; };
/* End PBXFileReference section */

/* Begin PBXFrameworksBuildPhase section */
		C9125A1D27FC7991006E775D /* Frameworks */ = {
			isa = PBXFrameworksBuildPhase;
			buildActionMask = 2147483647;
			files = (
				C9125A3F27FC7ACF006E775D /* FirebaseDatabase in Frameworks */,
				C9125A3B27FC7ACF006E775D /* FirebaseAnalytics in Frameworks */,
				C9125A3D27FC7ACF006E775D /* FirebaseAuth in Frameworks */,
				C9125A4127FC7ACF006E775D /* FirebaseFunctions in Frameworks */,
			);
			runOnlyForDeploymentPostprocessing = 0;
		};
/* End PBXFrameworksBuildPhase section */

/* Begin PBXGroup section */
		C9125A1727FC7991006E775D = {
			isa = PBXGroup;
			children = (
				C9125A2227FC7991006E775D /* FirebaseChat_1931358 */,
				C9125A6027FC8AE2006E775D /* GoogleService-Info.plist */,
				C9125A2127FC7991006E775D /* Products */,
			);
			sourceTree = "<group>";
		};
		C9125A2127FC7991006E775D /* Products */ = {
			isa = PBXGroup;
			children = (
				C9125A2027FC7991006E775D /* FirebaseChat_1931358.app */,
			);
			name = Products;
			sourceTree = "<group>";
		};
		C9125A2227FC7991006E775D /* FirebaseChat_1931358 */ = {
			isa = PBXGroup;
			children = (
				C9125A4527FC7E38006E775D /* Services */,
				C9125A4627FC7E3D006E775D /* Source */,
				C9125A4827FC7E4A006E775D /* Controller */,
				C9125A4927FC7E51006E775D /* View */,
				C9125A4B27FC7E62006E775D /* Model */,
				C9125A2327FC7991006E775D /* AppDelegate.swift */,
				C9125A2527FC7991006E775D /* SceneDelegate.swift */,
				C9125A2C27FC7992006E775D /* Assets.xcassets */,
				C9125A2E27FC7992006E775D /* LaunchScreen.storyboard */,
				C9125A3127FC7992006E775D /* Info.plist */,
			);
			path = FirebaseChat_1931358;
			sourceTree = "<group>";
		};
		C9125A4527FC7E38006E775D /* Services */ = {
			isa = PBXGroup;
			children = (
				C9125A5A27FC7F7A006E775D /* Database.swift */,
				C9125A5C27FC7F88006E775D /* Authentication.swift */,
			);
			path = Services;
			sourceTree = "<group>";
		};
		C9125A4627FC7E3D006E775D /* Source */ = {
			isa = PBXGroup;
			children = (
				C9125A6327FC8B7B006E775D /* Dialog.swift */,
				C9125A6427FC8B7B006E775D /* DictionaryEncDec.swift */,
				C9125A6227FC8B7B006E775D /* Toast.swift */,
				C9125A4727FC7E45006E775D /* Extension */,
			);
			path = Source;
			sourceTree = "<group>";
		};
		C9125A4727FC7E45006E775D /* Extension */ = {
			isa = PBXGroup;
			children = (
				C9125A6927FC8B87006E775D /* String_isValidEmail.swift */,
				C9125A6A27FC8B87006E775D /* UIView_addSubviews.swift */,
				C9125A6827FC8B87006E775D /* UIView_enableTapGestureRecognizer.swift */,
				C9125A6B27FC8B87006E775D /* UIView_shake.swift */,
			);
			path = Extension;
			sourceTree = "<group>";
		};
		C9125A4827FC7E4A006E775D /* Controller */ = {
			isa = PBXGroup;
			children = (
				C9125A2727FC7991006E775D /* ViewController.swift */,
				C9125A5E27FC81E2006E775D /* LoginViewController.swift */,
				C9125A7027FC8C10006E775D /* SignUpViewController.swift */,
				C9125A7427FC968E006E775D /* BaseViewController.swift */,
			);
			path = Controller;
			sourceTree = "<group>";
		};
		C9125A4927FC7E51006E775D /* View */ = {
			isa = PBXGroup;
			children = (
				C9125A2927FC7991006E775D /* Main.storyboard */,
				C9125A4A27FC7E59006E775D /* CustomView */,
			);
			path = View;
			sourceTree = "<group>";
		};
		C9125A4A27FC7E59006E775D /* CustomView */ = {
			isa = PBXGroup;
			children = (
				C9125A7227FC94D3006E775D /* UILoadingView.swift */,
			);
			path = CustomView;
			sourceTree = "<group>";
		};
		C9125A4B27FC7E62006E775D /* Model */ = {
			isa = PBXGroup;
			children = (
			);
			path = Model;
			sourceTree = "<group>";
		};
/* End PBXGroup section */

/* Begin PBXNativeTarget section */
		C9125A1F27FC7991006E775D /* FirebaseChat_1931358 */ = {
			isa = PBXNativeTarget;
			buildConfigurationList = C9125A3427FC7992006E775D /* Build configuration list for PBXNativeTarget "FirebaseChat_1931358" */;
			buildPhases = (
				C9125A1C27FC7991006E775D /* Sources */,
				C9125A1D27FC7991006E775D /* Frameworks */,
				C9125A1E27FC7991006E775D /* Resources */,
			);
			buildRules = (
			);
			dependencies = (
			);
			name = FirebaseChat_1931358;
			packageProductDependencies = (
				C9125A3A27FC7ACF006E775D /* FirebaseAnalytics */,
				C9125A3C27FC7ACF006E775D /* FirebaseAuth */,
				C9125A3E27FC7ACF006E775D /* FirebaseDatabase */,
				C9125A4027FC7ACF006E775D /* FirebaseFunctions */,
			);
			productName = FirebaseChat_1931358;
			productReference = C9125A2027FC7991006E775D /* FirebaseChat_1931358.app */;
			productType = "com.apple.product-type.application";
		};
/* End PBXNativeTarget section */

/* Begin PBXProject section */
		C9125A1827FC7991006E775D /* Project object */ = {
			isa = PBXProject;
			attributes = {
				BuildIndependentTargetsInParallel = 1;
				LastSwiftUpdateCheck = 1320;
				LastUpgradeCheck = 1320;
				TargetAttributes = {
					C9125A1F27FC7991006E775D = {
						CreatedOnToolsVersion = 13.2.1;
					};
				};
			};
			buildConfigurationList = C9125A1B27FC7991006E775D /* Build configuration list for PBXProject "FirebaseChat_1931358" */;
			compatibilityVersion = "Xcode 13.0";
			developmentRegion = en;
			hasScannedForEncodings = 0;
			knownRegions = (
				en,
				Base,
			);
			mainGroup = C9125A1727FC7991006E775D;
			packageReferences = (
				C9125A3927FC7ACF006E775D /* XCRemoteSwiftPackageReference "firebase-ios-sdk" */,
			);
			productRefGroup = C9125A2127FC7991006E775D /* Products */;
			projectDirPath = "";
			projectRoot = "";
			targets = (
				C9125A1F27FC7991006E775D /* FirebaseChat_1931358 */,
			);
		};
/* End PBXProject section */

/* Begin PBXResourcesBuildPhase section */
		C9125A1E27FC7991006E775D /* Resources */ = {
			isa = PBXResourcesBuildPhase;
			buildActionMask = 2147483647;
			files = (
				C9125A3027FC7992006E775D /* LaunchScreen.storyboard in Resources */,
				C9125A6127FC8AE2006E775D /* GoogleService-Info.plist in Resources */,
				C9125A2D27FC7992006E775D /* Assets.xcassets in Resources */,
				C9125A2B27FC7991006E775D /* Main.storyboard in Resources */,
			);
			runOnlyForDeploymentPostprocessing = 0;
		};
/* End PBXResourcesBuildPhase section */

/* Begin PBXSourcesBuildPhase section */
		C9125A1C27FC7991006E775D /* Sources */ = {
			isa = PBXSourcesBuildPhase;
			buildActionMask = 2147483647;
			files = (
				C9125A6F27FC8B87006E775D /* UIView_shake.swift in Sources */,
				C9125A6D27FC8B87006E775D /* String_isValidEmail.swift in Sources */,
				C9125A2827FC7991006E775D /* ViewController.swift in Sources */,
				C9125A5B27FC7F7A006E775D /* Database.swift in Sources */,
				C9125A2427FC7991006E775D /* AppDelegate.swift in Sources */,
				C9125A6E27FC8B87006E775D /* UIView_addSubviews.swift in Sources */,
				C9125A2627FC7991006E775D /* SceneDelegate.swift in Sources */,
				C9125A5F27FC81E2006E775D /* LoginViewController.swift in Sources */,
				C9125A7127FC8C10006E775D /* SignUpViewController.swift in Sources */,
				C9125A6C27FC8B87006E775D /* UIView_enableTapGestureRecognizer.swift in Sources */,
				C9125A5D27FC7F88006E775D /* Authentication.swift in Sources */,
				C9125A6527FC8B7B006E775D /* Toast.swift in Sources */,
				C9125A6727FC8B7B006E775D /* DictionaryEncDec.swift in Sources */,
				C9125A7527FC968E006E775D /* BaseViewController.swift in Sources */,
				C9125A6627FC8B7B006E775D /* Dialog.swift in Sources */,
				C9125A7327FC94D3006E775D /* UILoadingView.swift in Sources */,
			);
			runOnlyForDeploymentPostprocessing = 0;
		};
/* End PBXSourcesBuildPhase section */

/* Begin PBXVariantGroup section */
		C9125A2927FC7991006E775D /* Main.storyboard */ = {
			isa = PBXVariantGroup;
			children = (
				C9125A2A27FC7991006E775D /* Base */,
			);
			name = Main.storyboard;
			sourceTree = "<group>";
		};
		C9125A2E27FC7992006E775D /* LaunchScreen.storyboard */ = {
			isa = PBXVariantGroup;
			children = (
				C9125A2F27FC7992006E775D /* Base */,
			);
			name = LaunchScreen.storyboard;
			sourceTree = "<group>";
		};
/* End PBXVariantGroup section */

/* Begin XCBuildConfiguration section */
		C9125A3227FC7992006E775D /* Debug */ = {
			isa = XCBuildConfiguration;
			buildSettings = {
				ALWAYS_SEARCH_USER_PATHS = NO;
				CLANG_ANALYZER_NONNULL = YES;
				CLANG_ANALYZER_NUMBER_OBJECT_CONVERSION = YES_AGGRESSIVE;
				CLANG_CXX_LANGUAGE_STANDARD = "gnu++17";
				CLANG_CXX_LIBRARY = "libc++";
				CLANG_ENABLE_MODULES = YES;
				CLANG_ENABLE_OBJC_ARC = YES;
				CLANG_ENABLE_OBJC_WEAK = YES;
				CLANG_WARN_BLOCK_CAPTURE_AUTORELEASING = YES;
				CLANG_WARN_BOOL_CONVERSION = YES;
				CLANG_WARN_COMMA = YES;
				CLANG_WARN_CONSTANT_CONVERSION = YES;
				CLANG_WARN_DEPRECATED_OBJC_IMPLEMENTATIONS = YES;
				CLANG_WARN_DIRECT_OBJC_ISA_USAGE = YES_ERROR;
				CLANG_WARN_DOCUMENTATION_COMMENTS = YES;
				CLANG_WARN_EMPTY_BODY = YES;
				CLANG_WARN_ENUM_CONVERSION = YES;
				CLANG_WARN_INFINITE_RECURSION = YES;
				CLANG_WARN_INT_CONVERSION = YES;
				CLANG_WARN_NON_LITERAL_NULL_CONVERSION = YES;
				CLANG_WARN_OBJC_IMPLICIT_RETAIN_SELF = YES;
				CLANG_WARN_OBJC_LITERAL_CONVERSION = YES;
				CLANG_WARN_OBJC_ROOT_CLASS = YES_ERROR;
				CLANG_WARN_QUOTED_INCLUDE_IN_FRAMEWORK_HEADER = YES;
				CLANG_WARN_RANGE_LOOP_ANALYSIS = YES;
				CLANG_WARN_STRICT_PROTOTYPES = YES;
				CLANG_WARN_SUSPICIOUS_MOVE = YES;
				CLANG_WARN_UNGUARDED_AVAILABILITY = YES_AGGRESSIVE;
				CLANG_WARN_UNREACHABLE_CODE = YES;
				CLANG_WARN__DUPLICATE_METHOD_MATCH = YES;
				COPY_PHASE_STRIP = NO;
				DEBUG_INFORMATION_FORMAT = dwarf;
				ENABLE_STRICT_OBJC_MSGSEND = YES;
				ENABLE_TESTABILITY = YES;
				GCC_C_LANGUAGE_STANDARD = gnu11;
				GCC_DYNAMIC_NO_PIC = NO;
				GCC_NO_COMMON_BLOCKS = YES;
				GCC_OPTIMIZATION_LEVEL = 0;
				GCC_PREPROCESSOR_DEFINITIONS = (
					"DEBUG=1",
					"$(inherited)",
				);
				GCC_WARN_64_TO_32_BIT_CONVERSION = YES;
				GCC_WARN_ABOUT_RETURN_TYPE = YES_ERROR;
				GCC_WARN_UNDECLARED_SELECTOR = YES;
				GCC_WARN_UNINITIALIZED_AUTOS = YES_AGGRESSIVE;
				GCC_WARN_UNUSED_FUNCTION = YES;
				GCC_WARN_UNUSED_VARIABLE = YES;
				IPHONEOS_DEPLOYMENT_TARGET = 15.2;
				MTL_ENABLE_DEBUG_INFO = INCLUDE_SOURCE;
				MTL_FAST_MATH = YES;
				ONLY_ACTIVE_ARCH = YES;
				SDKROOT = iphoneos;
				SWIFT_ACTIVE_COMPILATION_CONDITIONS = DEBUG;
				SWIFT_OPTIMIZATION_LEVEL = "-Onone";
			};
			name = Debug;
		};
		C9125A3327FC7992006E775D /* Release */ = {
			isa = XCBuildConfiguration;
			buildSettings = {
				ALWAYS_SEARCH_USER_PATHS = NO;
				CLANG_ANALYZER_NONNULL = YES;
				CLANG_ANALYZER_NUMBER_OBJECT_CONVERSION = YES_AGGRESSIVE;
				CLANG_CXX_LANGUAGE_STANDARD = "gnu++17";
				CLANG_CXX_LIBRARY = "libc++";
				CLANG_ENABLE_MODULES = YES;
				CLANG_ENABLE_OBJC_ARC = YES;
				CLANG_ENABLE_OBJC_WEAK = YES;
				CLANG_WARN_BLOCK_CAPTURE_AUTORELEASING = YES;
				CLANG_WARN_BOOL_CONVERSION = YES;
				CLANG_WARN_COMMA = YES;
				CLANG_WARN_CONSTANT_CONVERSION = YES;
				CLANG_WARN_DEPRECATED_OBJC_IMPLEMENTATIONS = YES;
				CLANG_WARN_DIRECT_OBJC_ISA_USAGE = YES_ERROR;
				CLANG_WARN_DOCUMENTATION_COMMENTS = YES;
				CLANG_WARN_EMPTY_BODY = YES;
				CLANG_WARN_ENUM_CONVERSION = YES;
				CLANG_WARN_INFINITE_RECURSION = YES;
				CLANG_WARN_INT_CONVERSION = YES;
				CLANG_WARN_NON_LITERAL_NULL_CONVERSION = YES;
				CLANG_WARN_OBJC_IMPLICIT_RETAIN_SELF = YES;
				CLANG_WARN_OBJC_LITERAL_CONVERSION = YES;
				CLANG_WARN_OBJC_ROOT_CLASS = YES_ERROR;
				CLANG_WARN_QUOTED_INCLUDE_IN_FRAMEWORK_HEADER = YES;
				CLANG_WARN_RANGE_LOOP_ANALYSIS = YES;
				CLANG_WARN_STRICT_PROTOTYPES = YES;
				CLANG_WARN_SUSPICIOUS_MOVE = YES;
				CLANG_WARN_UNGUARDED_AVAILABILITY = YES_AGGRESSIVE;
				CLANG_WARN_UNREACHABLE_CODE = YES;
				CLANG_WARN__DUPLICATE_METHOD_MATCH = YES;
				COPY_PHASE_STRIP = NO;
				DEBUG_INFORMATION_FORMAT = "dwarf-with-dsym";
				ENABLE_NS_ASSERTIONS = NO;
				ENABLE_STRICT_OBJC_MSGSEND = YES;
				GCC_C_LANGUAGE_STANDARD = gnu11;
				GCC_NO_COMMON_BLOCKS = YES;
				GCC_WARN_64_TO_32_BIT_CONVERSION = YES;
				GCC_WARN_ABOUT_RETURN_TYPE = YES_ERROR;
				GCC_WARN_UNDECLARED_SELECTOR = YES;
				GCC_WARN_UNINITIALIZED_AUTOS = YES_AGGRESSIVE;
				GCC_WARN_UNUSED_FUNCTION = YES;
				GCC_WARN_UNUSED_VARIABLE = YES;
				IPHONEOS_DEPLOYMENT_TARGET = 15.2;
				MTL_ENABLE_DEBUG_INFO = NO;
				MTL_FAST_MATH = YES;
				SDKROOT = iphoneos;
				SWIFT_COMPILATION_MODE = wholemodule;
				SWIFT_OPTIMIZATION_LEVEL = "-O";
				VALIDATE_PRODUCT = YES;
			};
			name = Release;
		};
		C9125A3527FC7992006E775D /* Debug */ = {
			isa = XCBuildConfiguration;
			buildSettings = {
				ASSETCATALOG_COMPILER_APPICON_NAME = AppIcon;
				ASSETCATALOG_COMPILER_GLOBAL_ACCENT_COLOR_NAME = AccentColor;
				CODE_SIGN_STYLE = Automatic;
				CURRENT_PROJECT_VERSION = 1;
				DEVELOPMENT_TEAM = 59ZG6V9WAU;
				GENERATE_INFOPLIST_FILE = YES;
				INFOPLIST_FILE = FirebaseChat_1931358/Info.plist;
				INFOPLIST_KEY_UIApplicationSupportsIndirectInputEvents = YES;
				INFOPLIST_KEY_UILaunchStoryboardName = LaunchScreen;
				INFOPLIST_KEY_UIMainStoryboardFile = Main;
				INFOPLIST_KEY_UISupportedInterfaceOrientations_iPad = "UIInterfaceOrientationPortrait UIInterfaceOrientationPortraitUpsideDown UIInterfaceOrientationLandscapeLeft UIInterfaceOrientationLandscapeRight";
				INFOPLIST_KEY_UISupportedInterfaceOrientations_iPhone = "UIInterfaceOrientationPortrait UIInterfaceOrientationLandscapeLeft UIInterfaceOrientationLandscapeRight";
				LD_RUNPATH_SEARCH_PATHS = (
					"$(inherited)",
					"@executable_path/Frameworks",
				);
				MARKETING_VERSION = 1.0;
				PRODUCT_BUNDLE_IDENTIFIER = "Matheus-Cadena.FirebaseChat-1931358";
				PRODUCT_NAME = "$(TARGET_NAME)";
				SWIFT_EMIT_LOC_STRINGS = YES;
				SWIFT_VERSION = 5.0;
				TARGETED_DEVICE_FAMILY = "1,2";
			};
			name = Debug;
		};
		C9125A3627FC7992006E775D /* Release */ = {
			isa = XCBuildConfiguration;
			buildSettings = {
				ASSETCATALOG_COMPILER_APPICON_NAME = AppIcon;
				ASSETCATALOG_COMPILER_GLOBAL_ACCENT_COLOR_NAME = AccentColor;
				CODE_SIGN_STYLE = Automatic;
				CURRENT_PROJECT_VERSION = 1;
				DEVELOPMENT_TEAM = 59ZG6V9WAU;
				GENERATE_INFOPLIST_FILE = YES;
				INFOPLIST_FILE = FirebaseChat_1931358/Info.plist;
				INFOPLIST_KEY_UIApplicationSupportsIndirectInputEvents = YES;
				INFOPLIST_KEY_UILaunchStoryboardName = LaunchScreen;
				INFOPLIST_KEY_UIMainStoryboardFile = Main;
				INFOPLIST_KEY_UISupportedInterfaceOrientations_iPad = "UIInterfaceOrientationPortrait UIInterfaceOrientationPortraitUpsideDown UIInterfaceOrientationLandscapeLeft UIInterfaceOrientationLandscapeRight";
				INFOPLIST_KEY_UISupportedInterfaceOrientations_iPhone = "UIInterfaceOrientationPortrait UIInterfaceOrientationLandscapeLeft UIInterfaceOrientationLandscapeRight";
				LD_RUNPATH_SEARCH_PATHS = (
					"$(inherited)",
					"@executable_path/Frameworks",
				);
				MARKETING_VERSION = 1.0;
				PRODUCT_BUNDLE_IDENTIFIER = "Matheus-Cadena.FirebaseChat-1931358";
				PRODUCT_NAME = "$(TARGET_NAME)";
				SWIFT_EMIT_LOC_STRINGS = YES;
				SWIFT_VERSION = 5.0;
				TARGETED_DEVICE_FAMILY = "1,2";
			};
			name = Release;
		};
/* End XCBuildConfiguration section */

/* Begin XCConfigurationList section */
		C9125A1B27FC7991006E775D /* Build configuration list for PBXProject "FirebaseChat_1931358" */ = {
			isa = XCConfigurationList;
			buildConfigurations = (
				C9125A3227FC7992006E775D /* Debug */,
				C9125A3327FC7992006E775D /* Release */,
			);
			defaultConfigurationIsVisible = 0;
			defaultConfigurationName = Release;
		};
		C9125A3427FC7992006E775D /* Build configuration list for PBXNativeTarget "FirebaseChat_1931358" */ = {
			isa = XCConfigurationList;
			buildConfigurations = (
				C9125A3527FC7992006E775D /* Debug */,
				C9125A3627FC7992006E775D /* Release */,
			);
			defaultConfigurationIsVisible = 0;
			defaultConfigurationName = Release;
		};
/* End XCConfigurationList section */

/* Begin XCRemoteSwiftPackageReference section */
		C9125A3927FC7ACF006E775D /* XCRemoteSwiftPackageReference "firebase-ios-sdk" */ = {
			isa = XCRemoteSwiftPackageReference;
			repositoryURL = "https://github.com/firebase/firebase-ios-sdk";
			requirement = {
				branch = master;
				kind = branch;
			};
		};
/* End XCRemoteSwiftPackageReference section */

/* Begin XCSwiftPackageProductDependency section */
		C9125A3A27FC7ACF006E775D /* FirebaseAnalytics */ = {
			isa = XCSwiftPackageProductDependency;
			package = C9125A3927FC7ACF006E775D /* XCRemoteSwiftPackageReference "firebase-ios-sdk" */;
			productName = FirebaseAnalytics;
		};
		C9125A3C27FC7ACF006E775D /* FirebaseAuth */ = {
			isa = XCSwiftPackageProductDependency;
			package = C9125A3927FC7ACF006E775D /* XCRemoteSwiftPackageReference "firebase-ios-sdk" */;
			productName = FirebaseAuth;
		};
		C9125A3E27FC7ACF006E775D /* FirebaseDatabase */ = {
			isa = XCSwiftPackageProductDependency;
			package = C9125A3927FC7ACF006E775D /* XCRemoteSwiftPackageReference "firebase-ios-sdk" */;
			productName = FirebaseDatabase;
		};
		C9125A4027FC7ACF006E775D /* FirebaseFunctions */ = {
			isa = XCSwiftPackageProductDependency;
			package = C9125A3927FC7ACF006E775D /* XCRemoteSwiftPackageReference "firebase-ios-sdk" */;
			productName = FirebaseFunctions;
		};
/* End XCSwiftPackageProductDependency section */
	};
	rootObject = C9125A1827FC7991006E775D /* Project object */;
}
